// !$*UTF8*$!
{
	archiveVersion = 1;
	classes = {
	};
	objectVersion = 46;
	objects = {

/* Begin PBXBuildFile section */
		EA23CDF31F642CA0006F93AD /* AppDelegate.swift in Sources */ = {isa = PBXBuildFile; fileRef = EA23CDF21F642CA0006F93AD /* AppDelegate.swift */; };
		EA23CDF51F642CA0006F93AD /* ViewController.swift in Sources */ = {isa = PBXBuildFile; fileRef = EA23CDF41F642CA0006F93AD /* ViewController.swift */; };
		EA23CDF71F642CA1006F93AD /* Assets.xcassets in Resources */ = {isa = PBXBuildFile; fileRef = EA23CDF61F642CA1006F93AD /* Assets.xcassets */; };
		EA23CDFA1F642CA1006F93AD /* Main.storyboard in Resources */ = {isa = PBXBuildFile; fileRef = EA23CDF81F642CA1006F93AD /* Main.storyboard */; };
/* End PBXBuildFile section */

/* Begin PBXFileReference section */
		EA23CDEF1F642CA0006F93AD /* Cryptobar.app */ = {isa = PBXFileReference; explicitFileType = wrapper.application; includeInIndex = 0; path = Cryptobar.app; sourceTree = BUILT_PRODUCTS_DIR; };
		EA23CDF21F642CA0006F93AD /* AppDelegate.swift */ = {isa = PBXFileReference; lastKnownFileType = sourcecode.swift; path = AppDelegate.swift; sourceTree = "<group>"; };
		EA23CDF41F642CA0006F93AD /* ViewController.swift */ = {isa = PBXFileReference; lastKnownFileType = sourcecode.swift; path = ViewController.swift; sourceTree = "<group>"; };
		EA23CDF61F642CA1006F93AD /* Assets.xcassets */ = {isa = PBXFileReference; lastKnownFileType = folder.assetcatalog; path = Assets.xcassets; sourceTree = "<group>"; };
		EA23CDF91F642CA1006F93AD /* Base */ = {isa = PBXFileReference; lastKnownFileType = file.storyboard; name = Base; path = Base.lproj/Main.storyboard; sourceTree = "<group>"; };
		EA23CDFB1F642CA1006F93AD /* Info.plist */ = {isa = PBXFileReference; lastKnownFileType = text.plist.xml; path = Info.plist; sourceTree = "<group>"; };
/* End PBXFileReference section */

/* Begin PBXFrameworksBuildPhase section */
		EA23CDEC1F642CA0006F93AD /* Frameworks */ = {
			isa = PBXFrameworksBuildPhase;
			buildActionMask = 2147483647;
			files = (
			);
			runOnlyForDeploymentPostprocessing = 0;
		};
/* End PBXFrameworksBuildPhase section */

/* Begin PBXGroup section */
		EA23CDE61F642CA0006F93AD = {
			isa = PBXGroup;
			children = (
				EA23CDF11F642CA0006F93AD /* Cryptobar */,
				EA23CDF01F642CA0006F93AD /* Products */,
			);
			sourceTree = "<group>";
		};
		EA23CDF01F642CA0006F93AD /* Products */ = {
			isa = PBXGroup;
			children = (
				EA23CDEF1F642CA0006F93AD /* Cryptobar.app */,
			);
			name = Products;
			sourceTree = "<group>";
		};
		EA23CDF11F642CA0006F93AD /* Cryptobar */ = {
			isa = PBXGroup;
			children = (
				EA23CDF21F642CA0006F93AD /* AppDelegate.swift */,
				EA23CDF41F642CA0006F93AD /* ViewController.swift */,
				EA23CDF61F642CA1006F93AD /* Assets.xcassets */,
				EA23CDF81F642CA1006F93AD /* Main.storyboard */,
				EA23CDFB1F642CA1006F93AD /* Info.plist */,
			);
			path = Cryptobar;
			sourceTree = "<group>";
		};
/* End PBXGroup section */

/* Begin PBXNativeTarget section */
		EA23CDEE1F642CA0006F93AD /* Cryptobar */ = {
			isa = PBXNativeTarget;
			buildConfigurationList = EA23CDFE1F642CA1006F93AD /* Build configuration list for PBXNativeTarget "Cryptobar" */;
			buildPhases = (
				EA23CDEB1F642CA0006F93AD /* Sources */,
				EA23CDEC1F642CA0006F93AD /* Frameworks */,
				EA23CDED1F642CA0006F93AD /* Resources */,
			);
			buildRules = (
			);
			dependencies = (
			);
			name = Cryptobar;
			productName = Cryptobar;
			productReference = EA23CDEF1F642CA0006F93AD /* Cryptobar.app */;
			productType = "com.apple.product-type.application";
		};
/* End PBXNativeTarget section */

/* Begin PBXProject section */
		EA23CDE71F642CA0006F93AD /* Project object */ = {
			isa = PBXProject;
			attributes = {
				LastSwiftUpdateCheck = 0830;
				LastUpgradeCheck = 0830;
				ORGANIZATIONNAME = cryptonaire;
				TargetAttributes = {
					EA23CDEE1F642CA0006F93AD = {
						CreatedOnToolsVersion = 8.3.3;
						ProvisioningStyle = Automatic;
					};
				};
			};
			buildConfigurationList = EA23CDEA1F642CA0006F93AD /* Build configuration list for PBXProject "Cryptobar" */;
			compatibilityVersion = "Xcode 3.2";
			developmentRegion = English;
			hasScannedForEncodings = 0;
			knownRegions = (
				en,
				Base,
			);
			mainGroup = EA23CDE61F642CA0006F93AD;
			productRefGroup = EA23CDF01F642CA0006F93AD /* Products */;
			projectDirPath = "";
			projectRoot = "";
			targets = (
				EA23CDEE1F642CA0006F93AD /* Cryptobar */,
			);
		};
/* End PBXProject section */

/* Begin PBXResourcesBuildPhase section */
		EA23CDED1F642CA0006F93AD /* Resources */ = {
			isa = PBXResourcesBuildPhase;
			buildActionMask = 2147483647;
			files = (
				EA23CDF71F642CA1006F93AD /* Assets.xcassets in Resources */,
				EA23CDFA1F642CA1006F93AD /* Main.storyboard in Resources */,
			);
			runOnlyForDeploymentPostprocessing = 0;
		};
/* End PBXResourcesBuildPhase section */

/* Begin PBXSourcesBuildPhase section */
		EA23CDEB1F642CA0006F93AD /* Sources */ = {
			isa = PBXSourcesBuildPhase;
			buildActionMask = 2147483647;
			files = (
				EA23CDF51F642CA0006F93AD /* ViewController.swift in Sources */,
				EA23CDF31F642CA0006F93AD /* AppDelegate.swift in Sources */,
			);
			runOnlyForDeploymentPostprocessing = 0;
		};
/* End PBXSourcesBuildPhase section */

/* Begin PBXVariantGroup section */
		EA23CDF81F642CA1006F93AD /* Main.storyboard */ = {
			isa = PBXVariantGroup;
			children = (
				EA23CDF91F642CA1006F93AD /* Base */,
			);
			name = Main.storyboard;
			sourceTree = "<group>";
		};
/* End PBXVariantGroup section */

/* Begin XCBuildConfiguration section */
		EA23CDFC1F642CA1006F93AD /* Debug */ = {
			isa = XCBuildConfiguration;
			buildSettings = {
				ALWAYS_SEARCH_USER_PATHS = NO;
				CLANG_ANALYZER_NONNULL = YES;
				CLANG_ANALYZER_NUMBER_OBJECT_CONVERSION = YES_AGGRESSIVE;
				CLANG_CXX_LANGUAGE_STANDARD = "gnu++0x";
				CLANG_CXX_LIBRARY = "libc++";
				CLANG_ENABLE_MODULES = YES;
				CLANG_ENABLE_OBJC_ARC = YES;
				CLANG_WARN_BOOL_CONVERSION = YES;
				CLANG_WARN_CONSTANT_CONVERSION = YES;
				CLANG_WARN_DIRECT_OBJC_ISA_USAGE = YES_ERROR;
				CLANG_WARN_DOCUMENTATION_COMMENTS = YES;
				CLANG_WARN_EMPTY_BODY = YES;
				CLANG_WARN_ENUM_CONVERSION = YES;
				CLANG_WARN_INFINITE_RECURSION = YES;
				CLANG_WARN_INT_CONVERSION = YES;
				CLANG_WARN_OBJC_ROOT_CLASS = YES_ERROR;
				CLANG_WARN_SUSPICIOUS_MOVE = YES;
				CLANG_WARN_UNREACHABLE_CODE = YES;
				CLANG_WARN__DUPLICATE_METHOD_MATCH = YES;
				CODE_SIGN_IDENTITY = "-";
				COPY_PHASE_STRIP = NO;
				DEBUG_INFORMATION_FORMAT = dwarf;
				ENABLE_STRICT_OBJC_MSGSEND = YES;
				ENABLE_TESTABILITY = YES;
				GCC_C_LANGUAGE_STANDARD = gnu99;
				GCC_DYNAMIC_NO_PIC = NO;
				GCC_NO_COMMON_BLOCKS = YES;
				GCC_OPTIMIZATION_LEVEL = 0;
				GCC_PREPROCESSOR_DEFINITIONS = (
					"DEBUG=1",
					"$(inherited)",
				);
				GCC_WARN_64_TO_32_BIT_CONVERSION = YES;
				GCC_WARN_ABOUT_RETURN_TYPE = YES_ERROR;
				GCC_WARN_UNDECLARED_SELECTOR = YES;
				GCC_WARN_UNINITIALIZED_AUTOS = YES_AGGRESSIVE;
				GCC_WARN_UNUSED_FUNCTION = YES;
				GCC_WARN_UNUSED_VARIABLE = YES;
				MACOSX_DEPLOYMENT_TARGET = 10.12;
				MTL_ENABLE_DEBUG_INFO = YES;
				ONLY_ACTIVE_ARCH = YES;
				SDKROOT = macosx;
				SWIFT_ACTIVE_COMPILATION_CONDITIONS = DEBUG;
				SWIFT_OPTIMIZATION_LEVEL = "-Onone";
			};
			name = Debug;
		};
		EA23CDFD1F642CA1006F93AD /* Release */ = {
			isa = XCBuildConfiguration;
			buildSettings = {
				ALWAYS_SEARCH_USER_PATHS = NO;
				CLANG_ANALYZER_NONNULL = YES;
				CLANG_ANALYZER_NUMBER_OBJECT_CONVERSION = YES_AGGRESSIVE;
				CLANG_CXX_LANGUAGE_STANDARD = "gnu++0x";
				CLANG_CXX_LIBRARY = "libc++";
				CLANG_ENABLE_MODULES = YES;
				CLANG_ENABLE_OBJC_ARC = YES;
				CLANG_WARN_BOOL_CONVERSION = YES;
				CLANG_WARN_CONSTANT_CONVERSION = YES;
				CLANG_WARN_DIRECT_OBJC_ISA_USAGE = YES_ERROR;
				CLANG_WARN_DOCUMENTATION_COMMENTS = YES;
				CLANG_WARN_EMPTY_BODY = YES;
				CLANG_WARN_ENUM_CONVERSION = YES;
				CLANG_WARN_INFINITE_RECURSION = YES;
				CLANG_WARN_INT_CONVERSION = YES;
				CLANG_WARN_OBJC_ROOT_CLASS = YES_ERROR;
				CLANG_WARN_SUSPICIOUS_MOVE = YES;
				CLANG_WARN_UNREACHABLE_CODE = YES;
				CLANG_WARN__DUPLICATE_METHOD_MATCH = YES;
				CODE_SIGN_IDENTITY = "-";
				COPY_PHASE_STRIP = NO;
				DEBUG_INFORMATION_FORMAT = "dwarf-with-dsym";
				ENABLE_NS_ASSERTIONS = NO;
				ENABLE_STRICT_OBJC_MSGSEND = YES;
				GCC_C_LANGUAGE_STANDARD = gnu99;
				GCC_NO_COMMON_BLOCKS = YES;
				GCC_WARN_64_TO_32_BIT_CONVERSION = YES;
				GCC_WARN_ABOUT_RETURN_TYPE = YES_ERROR;
				GCC_WARN_UNDECLARED_SELECTOR = YES;
				GCC_WARN_UNINITIALIZED_AUTOS = YES_AGGRESSIVE;
				GCC_WARN_UNUSED_FUNCTION = YES;
				GCC_WARN_UNUSED_VARIABLE = YES;
				MACOSX_DEPLOYMENT_TARGET = 10.12;
				MTL_ENABLE_DEBUG_INFO = NO;
				SDKROOT = macosx;
				SWIFT_OPTIMIZATION_LEVEL = "-Owholemodule";
			};
			name = Release;
		};
		EA23CDFF1F642CA1006F93AD /* Debug */ = {
			isa = XCBuildConfiguration;
			buildSettings = {
				ASSETCATALOG_COMPILER_APPICON_NAME = AppIcon;
				COMBINE_HIDPI_IMAGES = YES;
				INFOPLIST_FILE = Cryptobar/Info.plist;
				LD_RUNPATH_SEARCH_PATHS = "$(inherited) @executable_path/../Frameworks";
				PRODUCT_BUNDLE_IDENTIFIER = com.cryptonaire.Cryptobar;
				PRODUCT_NAME = "$(TARGET_NAME)";
				SWIFT_VERSION = 3.0;
			};
			name = Debug;
		};
		EA23CE001F642CA1006F93AD /* Release */ = {
			isa = XCBuildConfiguration;
			buildSettings = {
				ASSETCATALOG_COMPILER_APPICON_NAME = AppIcon;
				COMBINE_HIDPI_IMAGES = YES;
				INFOPLIST_FILE = Cryptobar/Info.plist;
				LD_RUNPATH_SEARCH_PATHS = "$(inherited) @executable_path/../Frameworks";
				PRODUCT_BUNDLE_IDENTIFIER = com.cryptonaire.Cryptobar;
				PRODUCT_NAME = "$(TARGET_NAME)";
				SWIFT_VERSION = 3.0;
			};
			name = Release;
		};
/* End XCBuildConfiguration section */

/* Begin XCConfigurationList section */
		EA23CDEA1F642CA0006F93AD /* Build configuration list for PBXProject "Cryptobar" */ = {
			isa = XCConfigurationList;
			buildConfigurations = (
				EA23CDFC1F642CA1006F93AD /* Debug */,
				EA23CDFD1F642CA1006F93AD /* Release */,
			);
			defaultConfigurationIsVisible = 0;
			defaultConfigurationName = Release;
		};
		EA23CDFE1F642CA1006F93AD /* Build configuration list for PBXNativeTarget "Cryptobar" */ = {
			isa = XCConfigurationList;
			buildConfigurations = (
				EA23CDFF1F642CA1006F93AD /* Debug */,
				EA23CE001F642CA1006F93AD /* Release */,
			);
			defaultConfigurationIsVisible = 0;
		};
/* End XCConfigurationList section */
	};
	rootObject = EA23CDE71F642CA0006F93AD /* Project object */;
}
