// !$*UTF8*$!
{
	archiveVersion = 1;
	classes = {
	};
	objectVersion = 46;
	objects = {

/* Begin PBXBuildFile section */
		DA0757AD1F59860500BEC8C3 /* AppDelegate.swift in Sources */ = {isa = PBXBuildFile; fileRef = DA0757AC1F59860500BEC8C3 /* AppDelegate.swift */; };
		DA0757AF1F59860500BEC8C3 /* ViewController.swift in Sources */ = {isa = PBXBuildFile; fileRef = DA0757AE1F59860500BEC8C3 /* ViewController.swift */; };
		DA0757B11F59860500BEC8C3 /* Assets.xcassets in Resources */ = {isa = PBXBuildFile; fileRef = DA0757B01F59860500BEC8C3 /* Assets.xcassets */; };
		DA0757B41F59860500BEC8C3 /* Main.storyboard in Resources */ = {isa = PBXBuildFile; fileRef = DA0757B21F59860500BEC8C3 /* Main.storyboard */; };
/* End PBXBuildFile section */

/* Begin PBXFileReference section */
		DA0757A91F59860500BEC8C3 /* Cryptobar.app */ = {isa = PBXFileReference; explicitFileType = wrapper.application; includeInIndex = 0; path = Cryptobar.app; sourceTree = BUILT_PRODUCTS_DIR; };
		DA0757AC1F59860500BEC8C3 /* AppDelegate.swift */ = {isa = PBXFileReference; lastKnownFileType = sourcecode.swift; path = AppDelegate.swift; sourceTree = "<group>"; };
		DA0757AE1F59860500BEC8C3 /* ViewController.swift */ = {isa = PBXFileReference; lastKnownFileType = sourcecode.swift; path = ViewController.swift; sourceTree = "<group>"; };
		DA0757B01F59860500BEC8C3 /* Assets.xcassets */ = {isa = PBXFileReference; lastKnownFileType = folder.assetcatalog; path = Assets.xcassets; sourceTree = "<group>"; };
		DA0757B31F59860500BEC8C3 /* Base */ = {isa = PBXFileReference; lastKnownFileType = file.storyboard; name = Base; path = Base.lproj/Main.storyboard; sourceTree = "<group>"; };
		DA0757B51F59860500BEC8C3 /* Info.plist */ = {isa = PBXFileReference; lastKnownFileType = text.plist.xml; path = Info.plist; sourceTree = "<group>"; };
/* End PBXFileReference section */

/* Begin PBXFrameworksBuildPhase section */
		DA0757A61F59860500BEC8C3 /* Frameworks */ = {
			isa = PBXFrameworksBuildPhase;
			buildActionMask = 2147483647;
			files = (
			);
			runOnlyForDeploymentPostprocessing = 0;
		};
/* End PBXFrameworksBuildPhase section */

/* Begin PBXGroup section */
		DA0757A01F59860500BEC8C3 = {
			isa = PBXGroup;
			children = (
				DA0757AB1F59860500BEC8C3 /* Cryptobar */,
				DA0757AA1F59860500BEC8C3 /* Products */,
			);
			sourceTree = "<group>";
		};
		DA0757AA1F59860500BEC8C3 /* Products */ = {
			isa = PBXGroup;
			children = (
				DA0757A91F59860500BEC8C3 /* Cryptobar.app */,
			);
			name = Products;
			sourceTree = "<group>";
		};
		DA0757AB1F59860500BEC8C3 /* Cryptobar */ = {
			isa = PBXGroup;
			children = (
				DA0757AC1F59860500BEC8C3 /* AppDelegate.swift */,
				DA0757AE1F59860500BEC8C3 /* ViewController.swift */,
				DA0757B01F59860500BEC8C3 /* Assets.xcassets */,
				DA0757B21F59860500BEC8C3 /* Main.storyboard */,
				DA0757B51F59860500BEC8C3 /* Info.plist */,
			);
			path = Cryptobar;
			sourceTree = "<group>";
		};
/* End PBXGroup section */

/* Begin PBXNativeTarget section */
		DA0757A81F59860500BEC8C3 /* Cryptobar */ = {
			isa = PBXNativeTarget;
			buildConfigurationList = DA0757B81F59860500BEC8C3 /* Build configuration list for PBXNativeTarget "Cryptobar" */;
			buildPhases = (
				DA0757A51F59860500BEC8C3 /* Sources */,
				DA0757A61F59860500BEC8C3 /* Frameworks */,
				DA0757A71F59860500BEC8C3 /* Resources */,
			);
			buildRules = (
			);
			dependencies = (
			);
			name = Cryptobar;
			productName = Cryptobar;
			productReference = DA0757A91F59860500BEC8C3 /* Cryptobar.app */;
			productType = "com.apple.product-type.application";
		};
/* End PBXNativeTarget section */

/* Begin PBXProject section */
		DA0757A11F59860500BEC8C3 /* Project object */ = {
			isa = PBXProject;
			attributes = {
				LastSwiftUpdateCheck = 0830;
				LastUpgradeCheck = 0830;
				ORGANIZATIONNAME = Bakaking;
				TargetAttributes = {
					DA0757A81F59860500BEC8C3 = {
						CreatedOnToolsVersion = 8.3.3;
						DevelopmentTeam = 2XHMS9VJ42;
						ProvisioningStyle = Automatic;
					};
				};
			};
			buildConfigurationList = DA0757A41F59860500BEC8C3 /* Build configuration list for PBXProject "Cryptobar" */;
			compatibilityVersion = "Xcode 3.2";
			developmentRegion = English;
			hasScannedForEncodings = 0;
			knownRegions = (
				en,
				Base,
			);
			mainGroup = DA0757A01F59860500BEC8C3;
			productRefGroup = DA0757AA1F59860500BEC8C3 /* Products */;
			projectDirPath = "";
			projectRoot = "";
			targets = (
				DA0757A81F59860500BEC8C3 /* Cryptobar */,
			);
		};
/* End PBXProject section */

/* Begin PBXResourcesBuildPhase section */
		DA0757A71F59860500BEC8C3 /* Resources */ = {
			isa = PBXResourcesBuildPhase;
			buildActionMask = 2147483647;
			files = (
				DA0757B11F59860500BEC8C3 /* Assets.xcassets in Resources */,
				DA0757B41F59860500BEC8C3 /* Main.storyboard in Resources */,
			);
			runOnlyForDeploymentPostprocessing = 0;
		};
/* End PBXResourcesBuildPhase section */

/* Begin PBXSourcesBuildPhase section */
		DA0757A51F59860500BEC8C3 /* Sources */ = {
			isa = PBXSourcesBuildPhase;
			buildActionMask = 2147483647;
			files = (
				DA0757AF1F59860500BEC8C3 /* ViewController.swift in Sources */,
				DA0757AD1F59860500BEC8C3 /* AppDelegate.swift in Sources */,
			);
			runOnlyForDeploymentPostprocessing = 0;
		};
/* End PBXSourcesBuildPhase section */

/* Begin PBXVariantGroup section */
		DA0757B21F59860500BEC8C3 /* Main.storyboard */ = {
			isa = PBXVariantGroup;
			children = (
				DA0757B31F59860500BEC8C3 /* Base */,
			);
			name = Main.storyboard;
			sourceTree = "<group>";
		};
/* End PBXVariantGroup section */

/* Begin XCBuildConfiguration section */
		DA0757B61F59860500BEC8C3 /* Debug */ = {
			isa = XCBuildConfiguration;
			buildSettings = {
				ALWAYS_SEARCH_USER_PATHS = NO;
				CLANG_ANALYZER_NONNULL = YES;
				CLANG_ANALYZER_NUMBER_OBJECT_CONVERSION = YES_AGGRESSIVE;
				CLANG_CXX_LANGUAGE_STANDARD = "gnu++0x";
				CLANG_CXX_LIBRARY = "libc++";
				CLANG_ENABLE_MODULES = YES;
				CLANG_ENABLE_OBJC_ARC = YES;
				CLANG_WARN_BOOL_CONVERSION = YES;
				CLANG_WARN_CONSTANT_CONVERSION = YES;
				CLANG_WARN_DIRECT_OBJC_ISA_USAGE = YES_ERROR;
				CLANG_WARN_DOCUMENTATION_COMMENTS = YES;
				CLANG_WARN_EMPTY_BODY = YES;
				CLANG_WARN_ENUM_CONVERSION = YES;
				CLANG_WARN_INFINITE_RECURSION = YES;
				CLANG_WARN_INT_CONVERSION = YES;
				CLANG_WARN_OBJC_ROOT_CLASS = YES_ERROR;
				CLANG_WARN_SUSPICIOUS_MOVE = YES;
				CLANG_WARN_UNREACHABLE_CODE = YES;
				CLANG_WARN__DUPLICATE_METHOD_MATCH = YES;
				CODE_SIGN_IDENTITY = "-";
				COPY_PHASE_STRIP = NO;
				DEBUG_INFORMATION_FORMAT = dwarf;
				ENABLE_STRICT_OBJC_MSGSEND = YES;
				ENABLE_TESTABILITY = YES;
				GCC_C_LANGUAGE_STANDARD = gnu99;
				GCC_DYNAMIC_NO_PIC = NO;
				GCC_NO_COMMON_BLOCKS = YES;
				GCC_OPTIMIZATION_LEVEL = 0;
				GCC_PREPROCESSOR_DEFINITIONS = (
					"DEBUG=1",
					"$(inherited)",
				);
				GCC_WARN_64_TO_32_BIT_CONVERSION = YES;
				GCC_WARN_ABOUT_RETURN_TYPE = YES_ERROR;
				GCC_WARN_UNDECLARED_SELECTOR = YES;
				GCC_WARN_UNINITIALIZED_AUTOS = YES_AGGRESSIVE;
				GCC_WARN_UNUSED_FUNCTION = YES;
				GCC_WARN_UNUSED_VARIABLE = YES;
				MACOSX_DEPLOYMENT_TARGET = 10.12;
				MTL_ENABLE_DEBUG_INFO = YES;
				ONLY_ACTIVE_ARCH = YES;
				SDKROOT = macosx;
				SWIFT_ACTIVE_COMPILATION_CONDITIONS = DEBUG;
				SWIFT_OPTIMIZATION_LEVEL = "-Onone";
			};
			name = Debug;
		};
		DA0757B71F59860500BEC8C3 /* Release */ = {
			isa = XCBuildConfiguration;
			buildSettings = {
				ALWAYS_SEARCH_USER_PATHS = NO;
				CLANG_ANALYZER_NONNULL = YES;
				CLANG_ANALYZER_NUMBER_OBJECT_CONVERSION = YES_AGGRESSIVE;
				CLANG_CXX_LANGUAGE_STANDARD = "gnu++0x";
				CLANG_CXX_LIBRARY = "libc++";
				CLANG_ENABLE_MODULES = YES;
				CLANG_ENABLE_OBJC_ARC = YES;
				CLANG_WARN_BOOL_CONVERSION = YES;
				CLANG_WARN_CONSTANT_CONVERSION = YES;
				CLANG_WARN_DIRECT_OBJC_ISA_USAGE = YES_ERROR;
				CLANG_WARN_DOCUMENTATION_COMMENTS = YES;
				CLANG_WARN_EMPTY_BODY = YES;
				CLANG_WARN_ENUM_CONVERSION = YES;
				CLANG_WARN_INFINITE_RECURSION = YES;
				CLANG_WARN_INT_CONVERSION = YES;
				CLANG_WARN_OBJC_ROOT_CLASS = YES_ERROR;
				CLANG_WARN_SUSPICIOUS_MOVE = YES;
				CLANG_WARN_UNREACHABLE_CODE = YES;
				CLANG_WARN__DUPLICATE_METHOD_MATCH = YES;
				CODE_SIGN_IDENTITY = "-";
				COPY_PHASE_STRIP = NO;
				DEBUG_INFORMATION_FORMAT = "dwarf-with-dsym";
				ENABLE_NS_ASSERTIONS = NO;
				ENABLE_STRICT_OBJC_MSGSEND = YES;
				GCC_C_LANGUAGE_STANDARD = gnu99;
				GCC_NO_COMMON_BLOCKS = YES;
				GCC_WARN_64_TO_32_BIT_CONVERSION = YES;
				GCC_WARN_ABOUT_RETURN_TYPE = YES_ERROR;
				GCC_WARN_UNDECLARED_SELECTOR = YES;
				GCC_WARN_UNINITIALIZED_AUTOS = YES_AGGRESSIVE;
				GCC_WARN_UNUSED_FUNCTION = YES;
				GCC_WARN_UNUSED_VARIABLE = YES;
				MACOSX_DEPLOYMENT_TARGET = 10.12;
				MTL_ENABLE_DEBUG_INFO = NO;
				SDKROOT = macosx;
				SWIFT_OPTIMIZATION_LEVEL = "-Owholemodule";
			};
			name = Release;
		};
		DA0757B91F59860500BEC8C3 /* Debug */ = {
			isa = XCBuildConfiguration;
			buildSettings = {
				ASSETCATALOG_COMPILER_APPICON_NAME = AppIcon;
				COMBINE_HIDPI_IMAGES = YES;
				DEVELOPMENT_TEAM = 2XHMS9VJ42;
				INFOPLIST_FILE = Cryptobar/Info.plist;
				LD_RUNPATH_SEARCH_PATHS = "$(inherited) @executable_path/../Frameworks";
				PRODUCT_BUNDLE_IDENTIFIER = bakaking.Cryptobar;
				PRODUCT_NAME = "$(TARGET_NAME)";
				SWIFT_VERSION = 3.0;
			};
			name = Debug;
		};
		DA0757BA1F59860500BEC8C3 /* Release */ = {
			isa = XCBuildConfiguration;
			buildSettings = {
				ASSETCATALOG_COMPILER_APPICON_NAME = AppIcon;
				COMBINE_HIDPI_IMAGES = YES;
				DEVELOPMENT_TEAM = 2XHMS9VJ42;
				INFOPLIST_FILE = Cryptobar/Info.plist;
				LD_RUNPATH_SEARCH_PATHS = "$(inherited) @executable_path/../Frameworks";
				PRODUCT_BUNDLE_IDENTIFIER = bakaking.Cryptobar;
				PRODUCT_NAME = "$(TARGET_NAME)";
				SWIFT_VERSION = 3.0;
			};
			name = Release;
		};
/* End XCBuildConfiguration section */

/* Begin XCConfigurationList section */
		DA0757A41F59860500BEC8C3 /* Build configuration list for PBXProject "Cryptobar" */ = {
			isa = XCConfigurationList;
			buildConfigurations = (
				DA0757B61F59860500BEC8C3 /* Debug */,
				DA0757B71F59860500BEC8C3 /* Release */,
			);
			defaultConfigurationIsVisible = 0;
			defaultConfigurationName = Release;
		};
		DA0757B81F59860500BEC8C3 /* Build configuration list for PBXNativeTarget "Cryptobar" */ = {
			isa = XCConfigurationList;
			buildConfigurations = (
				DA0757B91F59860500BEC8C3 /* Debug */,
				DA0757BA1F59860500BEC8C3 /* Release */,
			);
			defaultConfigurationIsVisible = 0;
		};
/* End XCConfigurationList section */
	};
	rootObject = DA0757A11F59860500BEC8C3 /* Project object */;
}
